
Microsoft Visual Studio Solution File, Format Version 12.00
# Visual Studio Version 17
VisualStudioVersion = 17.8.34525.116
MinimumVisualStudioVersion = 10.0.40219.1
Project("{8BC9CEB8-8B4A-11D0-8D11-00A0C91BC942}") = "Ex0101_Addition", "Ex0101_Addition\Ex0101_Addition.vcxproj", "{FA86A442-E646-40A7-94AB-D5BA0BB3B9DF}"
EndProject
Project("{8BC9CEB8-8B4A-11D0-8D11-00A0C91BC942}") = "Ex0102_Subtraction", "Ex0102_Subtraction\Ex0102_Subtraction.vcxproj", "{EA731CA9-9C9B-404F-A049-F3E7600C453A}"
EndProject
Project("{8BC9CEB8-8B4A-11D0-8D11-00A0C91BC942}") = "Ex0103_Multiplication", "Ex0103_Multiplication\Ex0103_Multiplication.vcxproj", "{4F217E19-8767-43BC-B8F1-F47E26522383}"
EndProject
Project("{8BC9CEB8-8B4A-11D0-8D11-00A0C91BC942}") = "Ex0104_Karatsuba", "Ex0104_Karatsuba\Ex0104_Karatsuba.vcxproj", "{90174892-357A-4B85-89B0-AF99EDD99A1B}"
EndProject
Project("{8BC9CEB8-8B4A-11D0-8D11-00A0C91BC942}") = "Ex0001_StandardLibraries", "Ex0001_StandardLibraries\Ex0001_StandardLibraries.vcxproj", "{A8F4752C-A561-4504-8464-AF8D851D9402}"
EndProject
Project("{8BC9CEB8-8B4A-11D0-8D11-00A0C91BC942}") = "Ex0002_WarmingUp", "Ex0002_WarmingUp\Ex0002_WarmingUp.vcxproj", "{51554B5E-2D65-4BF9-80A9-7BDFFDBEA6A4}"
EndProject
Project("{8BC9CEB8-8B4A-11D0-8D11-00A0C91BC942}") = "Ex0201_InsertionSort", "Ex0201_InsertionSort\Ex0201_InsertionSort.vcxproj", "{6B22A54F-B4F3-408A-93DC-0213E777ECE1}"
EndProject
Project("{8BC9CEB8-8B4A-11D0-8D11-00A0C91BC942}") = "Ex0202_InsertionSortPerformance", "Ex0202_InsertionSortPerformance\Ex0202_InsertionSortPerformance.vcxproj", "{DE23722E-D38D-488F-9070-6B78570542D5}"
EndProject
Project("{8BC9CEB8-8B4A-11D0-8D11-00A0C91BC942}") = "Ex0301_TopdownMergesort", "Ex0301_TopdownMergesort\Ex0301_TopdownMergesort.vcxproj", "{D67A3A96-6077-4CCB-AE21-4A670CBA800C}"
EndProject
Project("{8BC9CEB8-8B4A-11D0-8D11-00A0C91BC942}") = "Ex0302_BottomupMergesort", "Ex0302_BottomupMergesort\Ex0302_BottomupMergesort.vcxproj", "{F6370161-3A1E-4C9F-B3FE-772FBDBC5B9A}"
EndProject
Project("{8BC9CEB8-8B4A-11D0-8D11-00A0C91BC942}") = "Ex0401_CountOccurrences", "Ex0401_CountOccurrences\Ex0401_CountOccurrences.vcxproj", "{B2E94EDB-834B-4F9F-BF37-390A9746D6F8}"
EndProject
Project("{8BC9CEB8-8B4A-11D0-8D11-00A0C91BC942}") = "Ex0402_PartialSelectionSort", "Ex0402_PartialSelectionSort\Ex0402_PartialSelectionSort.vcxproj", "{E33E5A84-F396-4316-B774-31F41B3BF38C}"
EndProject
Project("{8BC9CEB8-8B4A-11D0-8D11-00A0C91BC942}") = "Ex0403_MinAndMax", "Ex0403_MinAndMax\Ex0403_MinAndMax.vcxproj", "{4498F678-E37B-44B3-8952-5FE7C3BEB321}"
EndProject
Project("{8BC9CEB8-8B4A-11D0-8D11-00A0C91BC942}") = "Ex0404_PartitionByPivot", "Ex0404_PartitionByPivot\Ex0404_PartitionByPivot.vcxproj", "{7D50F373-3F79-4956-93DB-F6990D3EF4A0}"
EndProject
Project("{8BC9CEB8-8B4A-11D0-8D11-00A0C91BC942}") = "Ex0405_ExpectedLinearSelection", "Ex0405_ExpectedLinearSelection\Ex0405_ExpectedLinearSelection.vcxproj", "{497FEDA3-A452-4DCD-A8B3-7D410A9462D6}"
EndProject
Project("{8BC9CEB8-8B4A-11D0-8D11-00A0C91BC942}") = "Ex0406_WorstcaseLinearSelection", "Ex0406_WorstcaseLinearSelection\Ex0406_WorstcaseLinearSelection.vcxproj", "{360C2E3D-8B2C-4723-8EF7-3D1925986A60}"
EndProject
Project("{8BC9CEB8-8B4A-11D0-8D11-00A0C91BC942}") = "Ex0501_RandomizedQuicksort", "Ex0501_RandomizedQuicksort\Ex0501_RandomizedQuicksort.vcxproj", "{1D13E365-567F-4E3A-90E6-F2F47C45715D}"
EndProject
Project("{8BC9CEB8-8B4A-11D0-8D11-00A0C91BC942}") = "Ex0502_Quick3way", "Ex0502_Quick3way\Ex0502_Quick3way.vcxproj", "{61C9951F-DD87-4163-992B-A68D82550D78}"
EndProject
Project("{8BC9CEB8-8B4A-11D0-8D11-00A0C91BC942}") = "Ex0601_CountingSort", "Ex0601_CountingSort\Ex0601_CountingSort.vcxproj", "{DFAC827D-631B-4768-9DC2-C4E0A7F86135}"
EndProject
Project("{8BC9CEB8-8B4A-11D0-8D11-00A0C91BC942}") = "Ex0602_RadixSort", "Ex0602_RadixSort\Ex0602_RadixSort.vcxproj", "{39F3F0E3-91BB-4FC2-B4DC-02CE3D007828}"
EndProject
Project("{8BC9CEB8-8B4A-11D0-8D11-00A0C91BC942}") = "Ex0603_SortingWords", "Ex0603_SortingWords\Ex0603_SortingWords.vcxproj", "{673D03F9-D30F-4788-8160-178321034FB9}"
EndProject
Project("{8BC9CEB8-8B4A-11D0-8D11-00A0C91BC942}") = "Ex0604_BucketSort", "Ex0604_BucketSort\Ex0604_BucketSort.vcxproj", "{D37A6DAD-BEE3-40D1-9D51-CB7E2D24808F}"
EndProject
Project("{8BC9CEB8-8B4A-11D0-8D11-00A0C91BC942}") = "Ex0701_RedBlackTree", "Ex0701_RedBlackTree\Ex0701_RedBlackTree.vcxproj", "{FFE26C88-B071-437D-BDF3-8DD1CC96CCAE}"
EndProject
Global
	GlobalSection(SolutionConfigurationPlatforms) = preSolution
		Debug|x64 = Debug|x64
		Debug|x86 = Debug|x86
		Release|x64 = Release|x64
		Release|x86 = Release|x86
	EndGlobalSection
	GlobalSection(ProjectConfigurationPlatforms) = postSolution
		{FA86A442-E646-40A7-94AB-D5BA0BB3B9DF}.Debug|x64.ActiveCfg = Debug|x64
		{FA86A442-E646-40A7-94AB-D5BA0BB3B9DF}.Debug|x64.Build.0 = Debug|x64
		{FA86A442-E646-40A7-94AB-D5BA0BB3B9DF}.Debug|x86.ActiveCfg = Debug|Win32
		{FA86A442-E646-40A7-94AB-D5BA0BB3B9DF}.Debug|x86.Build.0 = Debug|Win32
		{FA86A442-E646-40A7-94AB-D5BA0BB3B9DF}.Release|x64.ActiveCfg = Release|x64
		{FA86A442-E646-40A7-94AB-D5BA0BB3B9DF}.Release|x64.Build.0 = Release|x64
		{FA86A442-E646-40A7-94AB-D5BA0BB3B9DF}.Release|x86.ActiveCfg = Release|Win32
		{FA86A442-E646-40A7-94AB-D5BA0BB3B9DF}.Release|x86.Build.0 = Release|Win32
		{EA731CA9-9C9B-404F-A049-F3E7600C453A}.Debug|x64.ActiveCfg = Debug|x64
		{EA731CA9-9C9B-404F-A049-F3E7600C453A}.Debug|x64.Build.0 = Debug|x64
		{EA731CA9-9C9B-404F-A049-F3E7600C453A}.Debug|x86.ActiveCfg = Debug|Win32
		{EA731CA9-9C9B-404F-A049-F3E7600C453A}.Debug|x86.Build.0 = Debug|Win32
		{EA731CA9-9C9B-404F-A049-F3E7600C453A}.Release|x64.ActiveCfg = Release|x64
		{EA731CA9-9C9B-404F-A049-F3E7600C453A}.Release|x64.Build.0 = Release|x64
		{EA731CA9-9C9B-404F-A049-F3E7600C453A}.Release|x86.ActiveCfg = Release|Win32
		{EA731CA9-9C9B-404F-A049-F3E7600C453A}.Release|x86.Build.0 = Release|Win32
		{4F217E19-8767-43BC-B8F1-F47E26522383}.Debug|x64.ActiveCfg = Debug|x64
		{4F217E19-8767-43BC-B8F1-F47E26522383}.Debug|x64.Build.0 = Debug|x64
		{4F217E19-8767-43BC-B8F1-F47E26522383}.Debug|x86.ActiveCfg = Debug|Win32
		{4F217E19-8767-43BC-B8F1-F47E26522383}.Debug|x86.Build.0 = Debug|Win32
		{4F217E19-8767-43BC-B8F1-F47E26522383}.Release|x64.ActiveCfg = Release|x64
		{4F217E19-8767-43BC-B8F1-F47E26522383}.Release|x64.Build.0 = Release|x64
		{4F217E19-8767-43BC-B8F1-F47E26522383}.Release|x86.ActiveCfg = Release|Win32
		{4F217E19-8767-43BC-B8F1-F47E26522383}.Release|x86.Build.0 = Release|Win32
		{90174892-357A-4B85-89B0-AF99EDD99A1B}.Debug|x64.ActiveCfg = Debug|x64
		{90174892-357A-4B85-89B0-AF99EDD99A1B}.Debug|x64.Build.0 = Debug|x64
		{90174892-357A-4B85-89B0-AF99EDD99A1B}.Debug|x86.ActiveCfg = Debug|Win32
		{90174892-357A-4B85-89B0-AF99EDD99A1B}.Debug|x86.Build.0 = Debug|Win32
		{90174892-357A-4B85-89B0-AF99EDD99A1B}.Release|x64.ActiveCfg = Release|x64
		{90174892-357A-4B85-89B0-AF99EDD99A1B}.Release|x64.Build.0 = Release|x64
		{90174892-357A-4B85-89B0-AF99EDD99A1B}.Release|x86.ActiveCfg = Release|Win32
		{90174892-357A-4B85-89B0-AF99EDD99A1B}.Release|x86.Build.0 = Release|Win32
		{A8F4752C-A561-4504-8464-AF8D851D9402}.Debug|x64.ActiveCfg = Debug|x64
		{A8F4752C-A561-4504-8464-AF8D851D9402}.Debug|x64.Build.0 = Debug|x64
		{A8F4752C-A561-4504-8464-AF8D851D9402}.Debug|x86.ActiveCfg = Debug|Win32
		{A8F4752C-A561-4504-8464-AF8D851D9402}.Debug|x86.Build.0 = Debug|Win32
		{A8F4752C-A561-4504-8464-AF8D851D9402}.Release|x64.ActiveCfg = Release|x64
		{A8F4752C-A561-4504-8464-AF8D851D9402}.Release|x64.Build.0 = Release|x64
		{A8F4752C-A561-4504-8464-AF8D851D9402}.Release|x86.ActiveCfg = Release|Win32
		{A8F4752C-A561-4504-8464-AF8D851D9402}.Release|x86.Build.0 = Release|Win32
		{51554B5E-2D65-4BF9-80A9-7BDFFDBEA6A4}.Debug|x64.ActiveCfg = Debug|x64
		{51554B5E-2D65-4BF9-80A9-7BDFFDBEA6A4}.Debug|x64.Build.0 = Debug|x64
		{51554B5E-2D65-4BF9-80A9-7BDFFDBEA6A4}.Debug|x86.ActiveCfg = Debug|Win32
		{51554B5E-2D65-4BF9-80A9-7BDFFDBEA6A4}.Debug|x86.Build.0 = Debug|Win32
		{51554B5E-2D65-4BF9-80A9-7BDFFDBEA6A4}.Release|x64.ActiveCfg = Release|x64
		{51554B5E-2D65-4BF9-80A9-7BDFFDBEA6A4}.Release|x64.Build.0 = Release|x64
		{51554B5E-2D65-4BF9-80A9-7BDFFDBEA6A4}.Release|x86.ActiveCfg = Release|Win32
		{51554B5E-2D65-4BF9-80A9-7BDFFDBEA6A4}.Release|x86.Build.0 = Release|Win32
		{6B22A54F-B4F3-408A-93DC-0213E777ECE1}.Debug|x64.ActiveCfg = Debug|x64
		{6B22A54F-B4F3-408A-93DC-0213E777ECE1}.Debug|x64.Build.0 = Debug|x64
		{6B22A54F-B4F3-408A-93DC-0213E777ECE1}.Debug|x86.ActiveCfg = Debug|Win32
		{6B22A54F-B4F3-408A-93DC-0213E777ECE1}.Debug|x86.Build.0 = Debug|Win32
		{6B22A54F-B4F3-408A-93DC-0213E777ECE1}.Release|x64.ActiveCfg = Release|x64
		{6B22A54F-B4F3-408A-93DC-0213E777ECE1}.Release|x64.Build.0 = Release|x64
		{6B22A54F-B4F3-408A-93DC-0213E777ECE1}.Release|x86.ActiveCfg = Release|Win32
		{6B22A54F-B4F3-408A-93DC-0213E777ECE1}.Release|x86.Build.0 = Release|Win32
		{DE23722E-D38D-488F-9070-6B78570542D5}.Debug|x64.ActiveCfg = Debug|x64
		{DE23722E-D38D-488F-9070-6B78570542D5}.Debug|x64.Build.0 = Debug|x64
		{DE23722E-D38D-488F-9070-6B78570542D5}.Debug|x86.ActiveCfg = Debug|Win32
		{DE23722E-D38D-488F-9070-6B78570542D5}.Debug|x86.Build.0 = Debug|Win32
		{DE23722E-D38D-488F-9070-6B78570542D5}.Release|x64.ActiveCfg = Release|x64
		{DE23722E-D38D-488F-9070-6B78570542D5}.Release|x64.Build.0 = Release|x64
		{DE23722E-D38D-488F-9070-6B78570542D5}.Release|x86.ActiveCfg = Release|Win32
		{DE23722E-D38D-488F-9070-6B78570542D5}.Release|x86.Build.0 = Release|Win32
		{D67A3A96-6077-4CCB-AE21-4A670CBA800C}.Debug|x64.ActiveCfg = Debug|x64
		{D67A3A96-6077-4CCB-AE21-4A670CBA800C}.Debug|x64.Build.0 = Debug|x64
		{D67A3A96-6077-4CCB-AE21-4A670CBA800C}.Debug|x86.ActiveCfg = Debug|Win32
		{D67A3A96-6077-4CCB-AE21-4A670CBA800C}.Debug|x86.Build.0 = Debug|Win32
		{D67A3A96-6077-4CCB-AE21-4A670CBA800C}.Release|x64.ActiveCfg = Release|x64
		{D67A3A96-6077-4CCB-AE21-4A670CBA800C}.Release|x64.Build.0 = Release|x64
		{D67A3A96-6077-4CCB-AE21-4A670CBA800C}.Release|x86.ActiveCfg = Release|Win32
		{D67A3A96-6077-4CCB-AE21-4A670CBA800C}.Release|x86.Build.0 = Release|Win32
		{F6370161-3A1E-4C9F-B3FE-772FBDBC5B9A}.Debug|x64.ActiveCfg = Debug|x64
		{F6370161-3A1E-4C9F-B3FE-772FBDBC5B9A}.Debug|x64.Build.0 = Debug|x64
		{F6370161-3A1E-4C9F-B3FE-772FBDBC5B9A}.Debug|x86.ActiveCfg = Debug|Win32
		{F6370161-3A1E-4C9F-B3FE-772FBDBC5B9A}.Debug|x86.Build.0 = Debug|Win32
		{F6370161-3A1E-4C9F-B3FE-772FBDBC5B9A}.Release|x64.ActiveCfg = Release|x64
		{F6370161-3A1E-4C9F-B3FE-772FBDBC5B9A}.Release|x64.Build.0 = Release|x64
		{F6370161-3A1E-4C9F-B3FE-772FBDBC5B9A}.Release|x86.ActiveCfg = Release|Win32
		{F6370161-3A1E-4C9F-B3FE-772FBDBC5B9A}.Release|x86.Build.0 = Release|Win32
		{B2E94EDB-834B-4F9F-BF37-390A9746D6F8}.Debug|x64.ActiveCfg = Debug|x64
		{B2E94EDB-834B-4F9F-BF37-390A9746D6F8}.Debug|x64.Build.0 = Debug|x64
		{B2E94EDB-834B-4F9F-BF37-390A9746D6F8}.Debug|x86.ActiveCfg = Debug|Win32
		{B2E94EDB-834B-4F9F-BF37-390A9746D6F8}.Debug|x86.Build.0 = Debug|Win32
		{B2E94EDB-834B-4F9F-BF37-390A9746D6F8}.Release|x64.ActiveCfg = Release|x64
		{B2E94EDB-834B-4F9F-BF37-390A9746D6F8}.Release|x64.Build.0 = Release|x64
		{B2E94EDB-834B-4F9F-BF37-390A9746D6F8}.Release|x86.ActiveCfg = Release|Win32
		{B2E94EDB-834B-4F9F-BF37-390A9746D6F8}.Release|x86.Build.0 = Release|Win32
		{E33E5A84-F396-4316-B774-31F41B3BF38C}.Debug|x64.ActiveCfg = Debug|x64
		{E33E5A84-F396-4316-B774-31F41B3BF38C}.Debug|x64.Build.0 = Debug|x64
		{E33E5A84-F396-4316-B774-31F41B3BF38C}.Debug|x86.ActiveCfg = Debug|Win32
		{E33E5A84-F396-4316-B774-31F41B3BF38C}.Debug|x86.Build.0 = Debug|Win32
		{E33E5A84-F396-4316-B774-31F41B3BF38C}.Release|x64.ActiveCfg = Release|x64
		{E33E5A84-F396-4316-B774-31F41B3BF38C}.Release|x64.Build.0 = Release|x64
		{E33E5A84-F396-4316-B774-31F41B3BF38C}.Release|x86.ActiveCfg = Release|Win32
		{E33E5A84-F396-4316-B774-31F41B3BF38C}.Release|x86.Build.0 = Release|Win32
		{4498F678-E37B-44B3-8952-5FE7C3BEB321}.Debug|x64.ActiveCfg = Debug|x64
		{4498F678-E37B-44B3-8952-5FE7C3BEB321}.Debug|x64.Build.0 = Debug|x64
		{4498F678-E37B-44B3-8952-5FE7C3BEB321}.Debug|x86.ActiveCfg = Debug|Win32
		{4498F678-E37B-44B3-8952-5FE7C3BEB321}.Debug|x86.Build.0 = Debug|Win32
		{4498F678-E37B-44B3-8952-5FE7C3BEB321}.Release|x64.ActiveCfg = Release|x64
		{4498F678-E37B-44B3-8952-5FE7C3BEB321}.Release|x64.Build.0 = Release|x64
		{4498F678-E37B-44B3-8952-5FE7C3BEB321}.Release|x86.ActiveCfg = Release|Win32
		{4498F678-E37B-44B3-8952-5FE7C3BEB321}.Release|x86.Build.0 = Release|Win32
		{7D50F373-3F79-4956-93DB-F6990D3EF4A0}.Debug|x64.ActiveCfg = Debug|x64
		{7D50F373-3F79-4956-93DB-F6990D3EF4A0}.Debug|x64.Build.0 = Debug|x64
		{7D50F373-3F79-4956-93DB-F6990D3EF4A0}.Debug|x86.ActiveCfg = Debug|Win32
		{7D50F373-3F79-4956-93DB-F6990D3EF4A0}.Debug|x86.Build.0 = Debug|Win32
		{7D50F373-3F79-4956-93DB-F6990D3EF4A0}.Release|x64.ActiveCfg = Release|x64
		{7D50F373-3F79-4956-93DB-F6990D3EF4A0}.Release|x64.Build.0 = Release|x64
		{7D50F373-3F79-4956-93DB-F6990D3EF4A0}.Release|x86.ActiveCfg = Release|Win32
		{7D50F373-3F79-4956-93DB-F6990D3EF4A0}.Release|x86.Build.0 = Release|Win32
		{497FEDA3-A452-4DCD-A8B3-7D410A9462D6}.Debug|x64.ActiveCfg = Debug|x64
		{497FEDA3-A452-4DCD-A8B3-7D410A9462D6}.Debug|x64.Build.0 = Debug|x64
		{497FEDA3-A452-4DCD-A8B3-7D410A9462D6}.Debug|x86.ActiveCfg = Debug|Win32
		{497FEDA3-A452-4DCD-A8B3-7D410A9462D6}.Debug|x86.Build.0 = Debug|Win32
		{497FEDA3-A452-4DCD-A8B3-7D410A9462D6}.Release|x64.ActiveCfg = Release|x64
		{497FEDA3-A452-4DCD-A8B3-7D410A9462D6}.Release|x64.Build.0 = Release|x64
		{497FEDA3-A452-4DCD-A8B3-7D410A9462D6}.Release|x86.ActiveCfg = Release|Win32
		{497FEDA3-A452-4DCD-A8B3-7D410A9462D6}.Release|x86.Build.0 = Release|Win32
		{360C2E3D-8B2C-4723-8EF7-3D1925986A60}.Debug|x64.ActiveCfg = Debug|x64
		{360C2E3D-8B2C-4723-8EF7-3D1925986A60}.Debug|x64.Build.0 = Debug|x64
		{360C2E3D-8B2C-4723-8EF7-3D1925986A60}.Debug|x86.ActiveCfg = Debug|Win32
		{360C2E3D-8B2C-4723-8EF7-3D1925986A60}.Debug|x86.Build.0 = Debug|Win32
		{360C2E3D-8B2C-4723-8EF7-3D1925986A60}.Release|x64.ActiveCfg = Release|x64
		{360C2E3D-8B2C-4723-8EF7-3D1925986A60}.Release|x64.Build.0 = Release|x64
		{360C2E3D-8B2C-4723-8EF7-3D1925986A60}.Release|x86.ActiveCfg = Release|Win32
		{360C2E3D-8B2C-4723-8EF7-3D1925986A60}.Release|x86.Build.0 = Release|Win32
		{1D13E365-567F-4E3A-90E6-F2F47C45715D}.Debug|x64.ActiveCfg = Debug|x64
		{1D13E365-567F-4E3A-90E6-F2F47C45715D}.Debug|x64.Build.0 = Debug|x64
		{1D13E365-567F-4E3A-90E6-F2F47C45715D}.Debug|x86.ActiveCfg = Debug|Win32
		{1D13E365-567F-4E3A-90E6-F2F47C45715D}.Debug|x86.Build.0 = Debug|Win32
		{1D13E365-567F-4E3A-90E6-F2F47C45715D}.Release|x64.ActiveCfg = Release|x64
		{1D13E365-567F-4E3A-90E6-F2F47C45715D}.Release|x64.Build.0 = Release|x64
		{1D13E365-567F-4E3A-90E6-F2F47C45715D}.Release|x86.ActiveCfg = Release|Win32
		{1D13E365-567F-4E3A-90E6-F2F47C45715D}.Release|x86.Build.0 = Release|Win32
		{61C9951F-DD87-4163-992B-A68D82550D78}.Debug|x64.ActiveCfg = Debug|x64
		{61C9951F-DD87-4163-992B-A68D82550D78}.Debug|x64.Build.0 = Debug|x64
		{61C9951F-DD87-4163-992B-A68D82550D78}.Debug|x86.ActiveCfg = Debug|Win32
		{61C9951F-DD87-4163-992B-A68D82550D78}.Debug|x86.Build.0 = Debug|Win32
		{61C9951F-DD87-4163-992B-A68D82550D78}.Release|x64.ActiveCfg = Release|x64
		{61C9951F-DD87-4163-992B-A68D82550D78}.Release|x64.Build.0 = Release|x64
		{61C9951F-DD87-4163-992B-A68D82550D78}.Release|x86.ActiveCfg = Release|Win32
		{61C9951F-DD87-4163-992B-A68D82550D78}.Release|x86.Build.0 = Release|Win32
		{DFAC827D-631B-4768-9DC2-C4E0A7F86135}.Debug|x64.ActiveCfg = Debug|x64
		{DFAC827D-631B-4768-9DC2-C4E0A7F86135}.Debug|x64.Build.0 = Debug|x64
		{DFAC827D-631B-4768-9DC2-C4E0A7F86135}.Debug|x86.ActiveCfg = Debug|Win32
		{DFAC827D-631B-4768-9DC2-C4E0A7F86135}.Debug|x86.Build.0 = Debug|Win32
		{DFAC827D-631B-4768-9DC2-C4E0A7F86135}.Release|x64.ActiveCfg = Release|x64
		{DFAC827D-631B-4768-9DC2-C4E0A7F86135}.Release|x64.Build.0 = Release|x64
		{DFAC827D-631B-4768-9DC2-C4E0A7F86135}.Release|x86.ActiveCfg = Release|Win32
		{DFAC827D-631B-4768-9DC2-C4E0A7F86135}.Release|x86.Build.0 = Release|Win32
		{39F3F0E3-91BB-4FC2-B4DC-02CE3D007828}.Debug|x64.ActiveCfg = Debug|x64
		{39F3F0E3-91BB-4FC2-B4DC-02CE3D007828}.Debug|x64.Build.0 = Debug|x64
		{39F3F0E3-91BB-4FC2-B4DC-02CE3D007828}.Debug|x86.ActiveCfg = Debug|Win32
		{39F3F0E3-91BB-4FC2-B4DC-02CE3D007828}.Debug|x86.Build.0 = Debug|Win32
		{39F3F0E3-91BB-4FC2-B4DC-02CE3D007828}.Release|x64.ActiveCfg = Release|x64
		{39F3F0E3-91BB-4FC2-B4DC-02CE3D007828}.Release|x64.Build.0 = Release|x64
		{39F3F0E3-91BB-4FC2-B4DC-02CE3D007828}.Release|x86.ActiveCfg = Release|Win32
		{39F3F0E3-91BB-4FC2-B4DC-02CE3D007828}.Release|x86.Build.0 = Release|Win32
		{673D03F9-D30F-4788-8160-178321034FB9}.Debug|x64.ActiveCfg = Debug|x64
		{673D03F9-D30F-4788-8160-178321034FB9}.Debug|x64.Build.0 = Debug|x64
		{673D03F9-D30F-4788-8160-178321034FB9}.Debug|x86.ActiveCfg = Debug|Win32
		{673D03F9-D30F-4788-8160-178321034FB9}.Debug|x86.Build.0 = Debug|Win32
		{673D03F9-D30F-4788-8160-178321034FB9}.Release|x64.ActiveCfg = Release|x64
		{673D03F9-D30F-4788-8160-178321034FB9}.Release|x64.Build.0 = Release|x64
		{673D03F9-D30F-4788-8160-178321034FB9}.Release|x86.ActiveCfg = Release|Win32
		{673D03F9-D30F-4788-8160-178321034FB9}.Release|x86.Build.0 = Release|Win32
		{D37A6DAD-BEE3-40D1-9D51-CB7E2D24808F}.Debug|x64.ActiveCfg = Debug|x64
		{D37A6DAD-BEE3-40D1-9D51-CB7E2D24808F}.Debug|x64.Build.0 = Debug|x64
		{D37A6DAD-BEE3-40D1-9D51-CB7E2D24808F}.Debug|x86.ActiveCfg = Debug|Win32
		{D37A6DAD-BEE3-40D1-9D51-CB7E2D24808F}.Debug|x86.Build.0 = Debug|Win32
		{D37A6DAD-BEE3-40D1-9D51-CB7E2D24808F}.Release|x64.ActiveCfg = Release|x64
		{D37A6DAD-BEE3-40D1-9D51-CB7E2D24808F}.Release|x64.Build.0 = Release|x64
		{D37A6DAD-BEE3-40D1-9D51-CB7E2D24808F}.Release|x86.ActiveCfg = Release|Win32
		{D37A6DAD-BEE3-40D1-9D51-CB7E2D24808F}.Release|x86.Build.0 = Release|Win32
		{FFE26C88-B071-437D-BDF3-8DD1CC96CCAE}.Debug|x64.ActiveCfg = Debug|x64
		{FFE26C88-B071-437D-BDF3-8DD1CC96CCAE}.Debug|x64.Build.0 = Debug|x64
		{FFE26C88-B071-437D-BDF3-8DD1CC96CCAE}.Debug|x86.ActiveCfg = Debug|Win32
		{FFE26C88-B071-437D-BDF3-8DD1CC96CCAE}.Debug|x86.Build.0 = Debug|Win32
		{FFE26C88-B071-437D-BDF3-8DD1CC96CCAE}.Release|x64.ActiveCfg = Release|x64
		{FFE26C88-B071-437D-BDF3-8DD1CC96CCAE}.Release|x64.Build.0 = Release|x64
		{FFE26C88-B071-437D-BDF3-8DD1CC96CCAE}.Release|x86.ActiveCfg = Release|Win32
		{FFE26C88-B071-437D-BDF3-8DD1CC96CCAE}.Release|x86.Build.0 = Release|Win32
	EndGlobalSection
	GlobalSection(SolutionProperties) = preSolution
		HideSolutionNode = FALSE
	EndGlobalSection
	GlobalSection(ExtensibilityGlobals) = postSolution
		SolutionGuid = {5D2E7EB7-52CB-4473-8F6D-2890ECE1C82F}
	EndGlobalSection
EndGlobal
