
Microsoft Visual Studio Solution File, Format Version 12.00
# Visual Studio Version 17
VisualStudioVersion = 17.8.34525.116
MinimumVisualStudioVersion = 10.0.40219.1
Project("{8BC9CEB8-8B4A-11D0-8D11-00A0C91BC942}") = "Ex0101_Addition", "Ex0101_Addition\Ex0101_Addition.vcxproj", "{FA86A442-E646-40A7-94AB-D5BA0BB3B9DF}"
EndProject
Project("{8BC9CEB8-8B4A-11D0-8D11-00A0C91BC942}") = "Ex0102_Subtraction", "Ex0102_Subtraction\Ex0102_Subtraction.vcxproj", "{EA731CA9-9C9B-404F-A049-F3E7600C453A}"
EndProject
Project("{8BC9CEB8-8B4A-11D0-8D11-00A0C91BC942}") = "Ex0103_Multiplication", "Ex0103_Multiplication\Ex0103_Multiplication.vcxproj", "{4F217E19-8767-43BC-B8F1-F47E26522383}"
EndProject
Project("{8BC9CEB8-8B4A-11D0-8D11-00A0C91BC942}") = "Ex0104_Karatsuba", "Ex0104_Karatsuba\Ex0104_Karatsuba.vcxproj", "{90174892-357A-4B85-89B0-AF99EDD99A1B}"
EndProject
Project("{8BC9CEB8-8B4A-11D0-8D11-00A0C91BC942}") = "Ex0001_StandardLibraries", "Ex0001_StandardLibraries\Ex0001_StandardLibraries.vcxproj", "{A8F4752C-A561-4504-8464-AF8D851D9402}"
EndProject
Project("{8BC9CEB8-8B4A-11D0-8D11-00A0C91BC942}") = "Ex0002_WarmingUp", "Ex0002_WarmingUp\Ex0002_WarmingUp.vcxproj", "{51554B5E-2D65-4BF9-80A9-7BDFFDBEA6A4}"
EndProject
Project("{8BC9CEB8-8B4A-11D0-8D11-00A0C91BC942}") = "Ex0201_InsertionSort", "Ex0201_InsertionSort\Ex0201_InsertionSort.vcxproj", "{6B22A54F-B4F3-408A-93DC-0213E777ECE1}"
EndProject
Project("{8BC9CEB8-8B4A-11D0-8D11-00A0C91BC942}") = "Ex0202_InsertionSortPerformance", "Ex0202_InsertionSortPerformance\Ex0202_InsertionSortPerformance.vcxproj", "{DE23722E-D38D-488F-9070-6B78570542D5}"
EndProject
Project("{8BC9CEB8-8B4A-11D0-8D11-00A0C91BC942}") = "Ex0301_TopdownMergesort", "Ex0301_TopdownMergesort\Ex0301_TopdownMergesort.vcxproj", "{D67A3A96-6077-4CCB-AE21-4A670CBA800C}"
EndProject
Project("{8BC9CEB8-8B4A-11D0-8D11-00A0C91BC942}") = "Ex0302_BottomupMergesort", "Ex0302_BottomupMergesort\Ex0302_BottomupMergesort.vcxproj", "{F6370161-3A1E-4C9F-B3FE-772FBDBC5B9A}"
EndProject
Project("{8BC9CEB8-8B4A-11D0-8D11-00A0C91BC942}") = "Ex0401_CountOccurrences", "Ex0401_CountOccurrences\Ex0401_CountOccurrences.vcxproj", "{B2E94EDB-834B-4F9F-BF37-390A9746D6F8}"
EndProject
Project("{8BC9CEB8-8B4A-11D0-8D11-00A0C91BC942}") = "Ex0402_PartialSelectionSort", "Ex0402_PartialSelectionSort\Ex0402_PartialSelectionSort.vcxproj", "{E33E5A84-F396-4316-B774-31F41B3BF38C}"
EndProject
Project("{8BC9CEB8-8B4A-11D0-8D11-00A0C91BC942}") = "Ex0403_MinAndMax", "Ex0403_MinAndMax\Ex0403_MinAndMax.vcxproj", "{4498F678-E37B-44B3-8952-5FE7C3BEB321}"
EndProject
Project("{8BC9CEB8-8B4A-11D0-8D11-00A0C91BC942}") = "Ex0404_PartitionByPivot", "Ex0404_PartitionByPivot\Ex0404_PartitionByPivot.vcxproj", "{7D50F373-3F79-4956-93DB-F6990D3EF4A0}"
EndProject
Project("{8BC9CEB8-8B4A-11D0-8D11-00A0C91BC942}") = "Ex0405_ExpectedLinearSelection", "Ex0405_ExpectedLinearSelection\Ex0405_ExpectedLinearSelection.vcxproj", "{497FEDA3-A452-4DCD-A8B3-7D410A9462D6}"
EndProject
Project("{8BC9CEB8-8B4A-11D0-8D11-00A0C91BC942}") = "Ex0406_WorstcaseLinearSelection", "Ex0406_WorstcaseLinearSelection\Ex0406_WorstcaseLinearSelection.vcxproj", "{360C2E3D-8B2C-4723-8EF7-3D1925986A60}"
EndProject
Project("{8BC9CEB8-8B4A-11D0-8D11-00A0C91BC942}") = "Ex0501_RandomizedQuicksort", "Ex0501_RandomizedQuicksort\Ex0501_RandomizedQuicksort.vcxproj", "{1D13E365-567F-4E3A-90E6-F2F47C45715D}"
EndProject
Project("{8BC9CEB8-8B4A-11D0-8D11-00A0C91BC942}") = "Ex0502_Quick3way", "Ex0502_Quick3way\Ex0502_Quick3way.vcxproj", "{61C9951F-DD87-4163-992B-A68D82550D78}"
EndProject
Project("{8BC9CEB8-8B4A-11D0-8D11-00A0C91BC942}") = "Ex0601_CountingSort", "Ex0601_CountingSort\Ex0601_CountingSort.vcxproj", "{DFAC827D-631B-4768-9DC2-C4E0A7F86135}"
EndProject
Project("{8BC9CEB8-8B4A-11D0-8D11-00A0C91BC942}") = "Ex0602_RadixSort", "Ex0602_RadixSort\Ex0602_RadixSort.vcxproj", "{39F3F0E3-91BB-4FC2-B4DC-02CE3D007828}"
EndProject
Project("{8BC9CEB8-8B4A-11D0-8D11-00A0C91BC942}") = "Ex0603_SortingWords", "Ex0603_SortingWords\Ex0603_SortingWords.vcxproj", "{673D03F9-D30F-4788-8160-178321034FB9}"
EndProject
Project("{8BC9CEB8-8B4A-11D0-8D11-00A0C91BC942}") = "Ex0604_BucketSort", "Ex0604_BucketSort\Ex0604_BucketSort.vcxproj", "{D37A6DAD-BEE3-40D1-9D51-CB7E2D24808F}"
EndProject
Project("{8BC9CEB8-8B4A-11D0-8D11-00A0C91BC942}") = "Ex0701_RedBlackTree", "Ex0701_RedBlackTree\Ex0701_RedBlackTree.vcxproj", "{FFE26C88-B071-437D-BDF3-8DD1CC96CCAE}"
EndProject
Project("{8BC9CEB8-8B4A-11D0-8D11-00A0C91BC942}") = "Ex0801_SeparateChaining", "Ex0801_SeparateChaining\Ex0801_SeparateChaining.vcxproj", "{48343261-8611-4C5E-AF71-D7098BC3C740}"
EndProject
Project("{8BC9CEB8-8B4A-11D0-8D11-00A0C91BC942}") = "Ex0802_UnorderedMap", "Ex0802_UnorderedMap\Ex0802_UnorderedMap.vcxproj", "{7D88B6B9-41A9-4CE5-ACAB-053634841852}"
EndProject
Project("{8BC9CEB8-8B4A-11D0-8D11-00A0C91BC942}") = "Ex0803_RomanNumeral", "Ex0803_RomanNumeral\Ex0803_RomanNumeral.vcxproj", "{857E97AC-DBF1-43E9-A9E9-59BCA6CF43B7}"
EndProject
Project("{8BC9CEB8-8B4A-11D0-8D11-00A0C91BC942}") = "Ex0901_DepthFirstPaths", "Ex0901_DepthFirstPaths\Ex0901_DepthFirstPaths.vcxproj", "{C5F84147-3F0D-4924-80C0-22C59357F4E9}"
EndProject
Project("{8BC9CEB8-8B4A-11D0-8D11-00A0C91BC942}") = "Ex0902_QueueBasedTopologicalSorting", "Ex0902_QueueBasedTopologicalSorting\Ex0902_QueueBasedTopologicalSorting.vcxproj", "{28627CCD-D83C-4719-AE25-445D7D9B74C7}"
EndProject
Project("{8BC9CEB8-8B4A-11D0-8D11-00A0C91BC942}") = "Ex0903_TopologicalSorting", "Ex0903_TopologicalSorting\Ex0903_TopologicalSorting.vcxproj", "{AB19DEC7-48FF-48D2-A757-9A63D5959B70}"
EndProject
Project("{8BC9CEB8-8B4A-11D0-8D11-00A0C91BC942}") = "Ex0904_DegreesOfSeparation", "Ex0904_DegreesOfSeparation\Ex0904_DegreesOfSeparation.vcxproj", "{09E1B7C1-D591-41F2-B92D-54AE59A95996}"
EndProject
Project("{8BC9CEB8-8B4A-11D0-8D11-00A0C91BC942}") = "Ex0905_SymbolGraph", "Ex0905_SymbolGraph\Ex0905_SymbolGraph.vcxproj", "{8FC3D4C2-31A7-44DA-901C-F81FAE17B4ED}"
EndProject
Project("{8BC9CEB8-8B4A-11D0-8D11-00A0C91BC942}") = "Ex0906_DirectedCycleDetection", "Ex0906_DirectedCycleDetection\Ex0906_DirectedCycleDetection.vcxproj", "{07345F8B-90F6-46A3-B476-FD855CDB8685}"
EndProject
Project("{8BC9CEB8-8B4A-11D0-8D11-00A0C91BC942}") = "Ex1001_ConnectedComponents", "Ex1001_ConnectedComponents\Ex1001_ConnectedComponents.vcxproj", "{EB4DA40E-275C-47C7-B758-7E6AFFE06875}"
EndProject
Project("{8BC9CEB8-8B4A-11D0-8D11-00A0C91BC942}") = "Ex1002_StrongComponents(BruteForce)", "Ex1002_StrongComponents(BruteForce)\Ex1002_StrongComponents(BruteForce).vcxproj", "{C91E5374-E892-4DE4-AB20-57EAA89D449A}"
EndProject
Project("{8BC9CEB8-8B4A-11D0-8D11-00A0C91BC942}") = "Ex1003_KosarajuStrongComponents", "Ex1003_KosarajuStrongComponents\Ex1003_KosarajuStrongComponents.vcxproj", "{A34B569B-657A-4DB8-8C8D-98102BD55A4C}"
EndProject
Project("{8BC9CEB8-8B4A-11D0-8D11-00A0C91BC942}") = "Ex0908_TracingDFS", "Ex0908_TracingDFS\Ex0908_TracingDFS.vcxproj", "{502F2AFC-CF35-4BE6-B228-2864EFE2A19F}"
EndProject
Project("{8BC9CEB8-8B4A-11D0-8D11-00A0C91BC942}") = "Ex1101_PriorityQueue", "Ex1101_PriorityQueue\Ex1101_PriorityQueue.vcxproj", "{A7D4DB33-1EC9-4EF9-A96B-512364CBB655}"
EndProject
Project("{8BC9CEB8-8B4A-11D0-8D11-00A0C91BC942}") = "Ex1102_IndexMinPQ", "Ex1102_IndexMinPQ\Ex1102_IndexMinPQ.vcxproj", "{2A2204DF-6195-4559-8716-AC0E5A3D8701}"
EndProject
Project("{8BC9CEB8-8B4A-11D0-8D11-00A0C91BC942}") = "Ex1103_Dijkstra(IndexMinPQ)", "Ex1103_Dijkstra(IndexMinPQ)\Ex1103_Dijkstra(IndexMinPQ).vcxproj", "{A9F1746D-E4CD-4D3B-9817-44D1DC2177BB}"
EndProject
Project("{8BC9CEB8-8B4A-11D0-8D11-00A0C91BC942}") = "Ex1104_Dijkstra(Array)", "Ex1104_Dijkstra(Array)\Ex1104_Dijkstra(Array).vcxproj", "{D747A54D-32D3-4A17-B686-72D9C4A6943C}"
EndProject
Project("{8BC9CEB8-8B4A-11D0-8D11-00A0C91BC942}") = "Ex1105_Dijkstra", "Ex1105_Dijkstra\Ex1105_Dijkstra.vcxproj", "{F7D2F9DA-3C1E-4C6D-A3B8-19C5385BF4C1}"
EndProject
Global
	GlobalSection(SolutionConfigurationPlatforms) = preSolution
		Debug|x64 = Debug|x64
		Debug|x86 = Debug|x86
		Release|x64 = Release|x64
		Release|x86 = Release|x86
	EndGlobalSection
	GlobalSection(ProjectConfigurationPlatforms) = postSolution
		{FA86A442-E646-40A7-94AB-D5BA0BB3B9DF}.Debug|x64.ActiveCfg = Debug|x64
		{FA86A442-E646-40A7-94AB-D5BA0BB3B9DF}.Debug|x64.Build.0 = Debug|x64
		{FA86A442-E646-40A7-94AB-D5BA0BB3B9DF}.Debug|x86.ActiveCfg = Debug|Win32
		{FA86A442-E646-40A7-94AB-D5BA0BB3B9DF}.Debug|x86.Build.0 = Debug|Win32
		{FA86A442-E646-40A7-94AB-D5BA0BB3B9DF}.Release|x64.ActiveCfg = Release|x64
		{FA86A442-E646-40A7-94AB-D5BA0BB3B9DF}.Release|x64.Build.0 = Release|x64
		{FA86A442-E646-40A7-94AB-D5BA0BB3B9DF}.Release|x86.ActiveCfg = Release|Win32
		{FA86A442-E646-40A7-94AB-D5BA0BB3B9DF}.Release|x86.Build.0 = Release|Win32
		{EA731CA9-9C9B-404F-A049-F3E7600C453A}.Debug|x64.ActiveCfg = Debug|x64
		{EA731CA9-9C9B-404F-A049-F3E7600C453A}.Debug|x64.Build.0 = Debug|x64
		{EA731CA9-9C9B-404F-A049-F3E7600C453A}.Debug|x86.ActiveCfg = Debug|Win32
		{EA731CA9-9C9B-404F-A049-F3E7600C453A}.Debug|x86.Build.0 = Debug|Win32
		{EA731CA9-9C9B-404F-A049-F3E7600C453A}.Release|x64.ActiveCfg = Release|x64
		{EA731CA9-9C9B-404F-A049-F3E7600C453A}.Release|x64.Build.0 = Release|x64
		{EA731CA9-9C9B-404F-A049-F3E7600C453A}.Release|x86.ActiveCfg = Release|Win32
		{EA731CA9-9C9B-404F-A049-F3E7600C453A}.Release|x86.Build.0 = Release|Win32
		{4F217E19-8767-43BC-B8F1-F47E26522383}.Debug|x64.ActiveCfg = Debug|x64
		{4F217E19-8767-43BC-B8F1-F47E26522383}.Debug|x64.Build.0 = Debug|x64
		{4F217E19-8767-43BC-B8F1-F47E26522383}.Debug|x86.ActiveCfg = Debug|Win32
		{4F217E19-8767-43BC-B8F1-F47E26522383}.Debug|x86.Build.0 = Debug|Win32
		{4F217E19-8767-43BC-B8F1-F47E26522383}.Release|x64.ActiveCfg = Release|x64
		{4F217E19-8767-43BC-B8F1-F47E26522383}.Release|x64.Build.0 = Release|x64
		{4F217E19-8767-43BC-B8F1-F47E26522383}.Release|x86.ActiveCfg = Release|Win32
		{4F217E19-8767-43BC-B8F1-F47E26522383}.Release|x86.Build.0 = Release|Win32
		{90174892-357A-4B85-89B0-AF99EDD99A1B}.Debug|x64.ActiveCfg = Debug|x64
		{90174892-357A-4B85-89B0-AF99EDD99A1B}.Debug|x64.Build.0 = Debug|x64
		{90174892-357A-4B85-89B0-AF99EDD99A1B}.Debug|x86.ActiveCfg = Debug|Win32
		{90174892-357A-4B85-89B0-AF99EDD99A1B}.Debug|x86.Build.0 = Debug|Win32
		{90174892-357A-4B85-89B0-AF99EDD99A1B}.Release|x64.ActiveCfg = Release|x64
		{90174892-357A-4B85-89B0-AF99EDD99A1B}.Release|x64.Build.0 = Release|x64
		{90174892-357A-4B85-89B0-AF99EDD99A1B}.Release|x86.ActiveCfg = Release|Win32
		{90174892-357A-4B85-89B0-AF99EDD99A1B}.Release|x86.Build.0 = Release|Win32
		{A8F4752C-A561-4504-8464-AF8D851D9402}.Debug|x64.ActiveCfg = Debug|x64
		{A8F4752C-A561-4504-8464-AF8D851D9402}.Debug|x64.Build.0 = Debug|x64
		{A8F4752C-A561-4504-8464-AF8D851D9402}.Debug|x86.ActiveCfg = Debug|Win32
		{A8F4752C-A561-4504-8464-AF8D851D9402}.Debug|x86.Build.0 = Debug|Win32
		{A8F4752C-A561-4504-8464-AF8D851D9402}.Release|x64.ActiveCfg = Release|x64
		{A8F4752C-A561-4504-8464-AF8D851D9402}.Release|x64.Build.0 = Release|x64
		{A8F4752C-A561-4504-8464-AF8D851D9402}.Release|x86.ActiveCfg = Release|Win32
		{A8F4752C-A561-4504-8464-AF8D851D9402}.Release|x86.Build.0 = Release|Win32
		{51554B5E-2D65-4BF9-80A9-7BDFFDBEA6A4}.Debug|x64.ActiveCfg = Debug|x64
		{51554B5E-2D65-4BF9-80A9-7BDFFDBEA6A4}.Debug|x64.Build.0 = Debug|x64
		{51554B5E-2D65-4BF9-80A9-7BDFFDBEA6A4}.Debug|x86.ActiveCfg = Debug|Win32
		{51554B5E-2D65-4BF9-80A9-7BDFFDBEA6A4}.Debug|x86.Build.0 = Debug|Win32
		{51554B5E-2D65-4BF9-80A9-7BDFFDBEA6A4}.Release|x64.ActiveCfg = Release|x64
		{51554B5E-2D65-4BF9-80A9-7BDFFDBEA6A4}.Release|x64.Build.0 = Release|x64
		{51554B5E-2D65-4BF9-80A9-7BDFFDBEA6A4}.Release|x86.ActiveCfg = Release|Win32
		{51554B5E-2D65-4BF9-80A9-7BDFFDBEA6A4}.Release|x86.Build.0 = Release|Win32
		{6B22A54F-B4F3-408A-93DC-0213E777ECE1}.Debug|x64.ActiveCfg = Debug|x64
		{6B22A54F-B4F3-408A-93DC-0213E777ECE1}.Debug|x64.Build.0 = Debug|x64
		{6B22A54F-B4F3-408A-93DC-0213E777ECE1}.Debug|x86.ActiveCfg = Debug|Win32
		{6B22A54F-B4F3-408A-93DC-0213E777ECE1}.Debug|x86.Build.0 = Debug|Win32
		{6B22A54F-B4F3-408A-93DC-0213E777ECE1}.Release|x64.ActiveCfg = Release|x64
		{6B22A54F-B4F3-408A-93DC-0213E777ECE1}.Release|x64.Build.0 = Release|x64
		{6B22A54F-B4F3-408A-93DC-0213E777ECE1}.Release|x86.ActiveCfg = Release|Win32
		{6B22A54F-B4F3-408A-93DC-0213E777ECE1}.Release|x86.Build.0 = Release|Win32
		{DE23722E-D38D-488F-9070-6B78570542D5}.Debug|x64.ActiveCfg = Debug|x64
		{DE23722E-D38D-488F-9070-6B78570542D5}.Debug|x64.Build.0 = Debug|x64
		{DE23722E-D38D-488F-9070-6B78570542D5}.Debug|x86.ActiveCfg = Debug|Win32
		{DE23722E-D38D-488F-9070-6B78570542D5}.Debug|x86.Build.0 = Debug|Win32
		{DE23722E-D38D-488F-9070-6B78570542D5}.Release|x64.ActiveCfg = Release|x64
		{DE23722E-D38D-488F-9070-6B78570542D5}.Release|x64.Build.0 = Release|x64
		{DE23722E-D38D-488F-9070-6B78570542D5}.Release|x86.ActiveCfg = Release|Win32
		{DE23722E-D38D-488F-9070-6B78570542D5}.Release|x86.Build.0 = Release|Win32
		{D67A3A96-6077-4CCB-AE21-4A670CBA800C}.Debug|x64.ActiveCfg = Debug|x64
		{D67A3A96-6077-4CCB-AE21-4A670CBA800C}.Debug|x64.Build.0 = Debug|x64
		{D67A3A96-6077-4CCB-AE21-4A670CBA800C}.Debug|x86.ActiveCfg = Debug|Win32
		{D67A3A96-6077-4CCB-AE21-4A670CBA800C}.Debug|x86.Build.0 = Debug|Win32
		{D67A3A96-6077-4CCB-AE21-4A670CBA800C}.Release|x64.ActiveCfg = Release|x64
		{D67A3A96-6077-4CCB-AE21-4A670CBA800C}.Release|x64.Build.0 = Release|x64
		{D67A3A96-6077-4CCB-AE21-4A670CBA800C}.Release|x86.ActiveCfg = Release|Win32
		{D67A3A96-6077-4CCB-AE21-4A670CBA800C}.Release|x86.Build.0 = Release|Win32
		{F6370161-3A1E-4C9F-B3FE-772FBDBC5B9A}.Debug|x64.ActiveCfg = Debug|x64
		{F6370161-3A1E-4C9F-B3FE-772FBDBC5B9A}.Debug|x64.Build.0 = Debug|x64
		{F6370161-3A1E-4C9F-B3FE-772FBDBC5B9A}.Debug|x86.ActiveCfg = Debug|Win32
		{F6370161-3A1E-4C9F-B3FE-772FBDBC5B9A}.Debug|x86.Build.0 = Debug|Win32
		{F6370161-3A1E-4C9F-B3FE-772FBDBC5B9A}.Release|x64.ActiveCfg = Release|x64
		{F6370161-3A1E-4C9F-B3FE-772FBDBC5B9A}.Release|x64.Build.0 = Release|x64
		{F6370161-3A1E-4C9F-B3FE-772FBDBC5B9A}.Release|x86.ActiveCfg = Release|Win32
		{F6370161-3A1E-4C9F-B3FE-772FBDBC5B9A}.Release|x86.Build.0 = Release|Win32
		{B2E94EDB-834B-4F9F-BF37-390A9746D6F8}.Debug|x64.ActiveCfg = Debug|x64
		{B2E94EDB-834B-4F9F-BF37-390A9746D6F8}.Debug|x64.Build.0 = Debug|x64
		{B2E94EDB-834B-4F9F-BF37-390A9746D6F8}.Debug|x86.ActiveCfg = Debug|Win32
		{B2E94EDB-834B-4F9F-BF37-390A9746D6F8}.Debug|x86.Build.0 = Debug|Win32
		{B2E94EDB-834B-4F9F-BF37-390A9746D6F8}.Release|x64.ActiveCfg = Release|x64
		{B2E94EDB-834B-4F9F-BF37-390A9746D6F8}.Release|x64.Build.0 = Release|x64
		{B2E94EDB-834B-4F9F-BF37-390A9746D6F8}.Release|x86.ActiveCfg = Release|Win32
		{B2E94EDB-834B-4F9F-BF37-390A9746D6F8}.Release|x86.Build.0 = Release|Win32
		{E33E5A84-F396-4316-B774-31F41B3BF38C}.Debug|x64.ActiveCfg = Debug|x64
		{E33E5A84-F396-4316-B774-31F41B3BF38C}.Debug|x64.Build.0 = Debug|x64
		{E33E5A84-F396-4316-B774-31F41B3BF38C}.Debug|x86.ActiveCfg = Debug|Win32
		{E33E5A84-F396-4316-B774-31F41B3BF38C}.Debug|x86.Build.0 = Debug|Win32
		{E33E5A84-F396-4316-B774-31F41B3BF38C}.Release|x64.ActiveCfg = Release|x64
		{E33E5A84-F396-4316-B774-31F41B3BF38C}.Release|x64.Build.0 = Release|x64
		{E33E5A84-F396-4316-B774-31F41B3BF38C}.Release|x86.ActiveCfg = Release|Win32
		{E33E5A84-F396-4316-B774-31F41B3BF38C}.Release|x86.Build.0 = Release|Win32
		{4498F678-E37B-44B3-8952-5FE7C3BEB321}.Debug|x64.ActiveCfg = Debug|x64
		{4498F678-E37B-44B3-8952-5FE7C3BEB321}.Debug|x64.Build.0 = Debug|x64
		{4498F678-E37B-44B3-8952-5FE7C3BEB321}.Debug|x86.ActiveCfg = Debug|Win32
		{4498F678-E37B-44B3-8952-5FE7C3BEB321}.Debug|x86.Build.0 = Debug|Win32
		{4498F678-E37B-44B3-8952-5FE7C3BEB321}.Release|x64.ActiveCfg = Release|x64
		{4498F678-E37B-44B3-8952-5FE7C3BEB321}.Release|x64.Build.0 = Release|x64
		{4498F678-E37B-44B3-8952-5FE7C3BEB321}.Release|x86.ActiveCfg = Release|Win32
		{4498F678-E37B-44B3-8952-5FE7C3BEB321}.Release|x86.Build.0 = Release|Win32
		{7D50F373-3F79-4956-93DB-F6990D3EF4A0}.Debug|x64.ActiveCfg = Debug|x64
		{7D50F373-3F79-4956-93DB-F6990D3EF4A0}.Debug|x64.Build.0 = Debug|x64
		{7D50F373-3F79-4956-93DB-F6990D3EF4A0}.Debug|x86.ActiveCfg = Debug|Win32
		{7D50F373-3F79-4956-93DB-F6990D3EF4A0}.Debug|x86.Build.0 = Debug|Win32
		{7D50F373-3F79-4956-93DB-F6990D3EF4A0}.Release|x64.ActiveCfg = Release|x64
		{7D50F373-3F79-4956-93DB-F6990D3EF4A0}.Release|x64.Build.0 = Release|x64
		{7D50F373-3F79-4956-93DB-F6990D3EF4A0}.Release|x86.ActiveCfg = Release|Win32
		{7D50F373-3F79-4956-93DB-F6990D3EF4A0}.Release|x86.Build.0 = Release|Win32
		{497FEDA3-A452-4DCD-A8B3-7D410A9462D6}.Debug|x64.ActiveCfg = Debug|x64
		{497FEDA3-A452-4DCD-A8B3-7D410A9462D6}.Debug|x64.Build.0 = Debug|x64
		{497FEDA3-A452-4DCD-A8B3-7D410A9462D6}.Debug|x86.ActiveCfg = Debug|Win32
		{497FEDA3-A452-4DCD-A8B3-7D410A9462D6}.Debug|x86.Build.0 = Debug|Win32
		{497FEDA3-A452-4DCD-A8B3-7D410A9462D6}.Release|x64.ActiveCfg = Release|x64
		{497FEDA3-A452-4DCD-A8B3-7D410A9462D6}.Release|x64.Build.0 = Release|x64
		{497FEDA3-A452-4DCD-A8B3-7D410A9462D6}.Release|x86.ActiveCfg = Release|Win32
		{497FEDA3-A452-4DCD-A8B3-7D410A9462D6}.Release|x86.Build.0 = Release|Win32
		{360C2E3D-8B2C-4723-8EF7-3D1925986A60}.Debug|x64.ActiveCfg = Debug|x64
		{360C2E3D-8B2C-4723-8EF7-3D1925986A60}.Debug|x64.Build.0 = Debug|x64
		{360C2E3D-8B2C-4723-8EF7-3D1925986A60}.Debug|x86.ActiveCfg = Debug|Win32
		{360C2E3D-8B2C-4723-8EF7-3D1925986A60}.Debug|x86.Build.0 = Debug|Win32
		{360C2E3D-8B2C-4723-8EF7-3D1925986A60}.Release|x64.ActiveCfg = Release|x64
		{360C2E3D-8B2C-4723-8EF7-3D1925986A60}.Release|x64.Build.0 = Release|x64
		{360C2E3D-8B2C-4723-8EF7-3D1925986A60}.Release|x86.ActiveCfg = Release|Win32
		{360C2E3D-8B2C-4723-8EF7-3D1925986A60}.Release|x86.Build.0 = Release|Win32
		{1D13E365-567F-4E3A-90E6-F2F47C45715D}.Debug|x64.ActiveCfg = Debug|x64
		{1D13E365-567F-4E3A-90E6-F2F47C45715D}.Debug|x64.Build.0 = Debug|x64
		{1D13E365-567F-4E3A-90E6-F2F47C45715D}.Debug|x86.ActiveCfg = Debug|Win32
		{1D13E365-567F-4E3A-90E6-F2F47C45715D}.Debug|x86.Build.0 = Debug|Win32
		{1D13E365-567F-4E3A-90E6-F2F47C45715D}.Release|x64.ActiveCfg = Release|x64
		{1D13E365-567F-4E3A-90E6-F2F47C45715D}.Release|x64.Build.0 = Release|x64
		{1D13E365-567F-4E3A-90E6-F2F47C45715D}.Release|x86.ActiveCfg = Release|Win32
		{1D13E365-567F-4E3A-90E6-F2F47C45715D}.Release|x86.Build.0 = Release|Win32
		{61C9951F-DD87-4163-992B-A68D82550D78}.Debug|x64.ActiveCfg = Debug|x64
		{61C9951F-DD87-4163-992B-A68D82550D78}.Debug|x64.Build.0 = Debug|x64
		{61C9951F-DD87-4163-992B-A68D82550D78}.Debug|x86.ActiveCfg = Debug|Win32
		{61C9951F-DD87-4163-992B-A68D82550D78}.Debug|x86.Build.0 = Debug|Win32
		{61C9951F-DD87-4163-992B-A68D82550D78}.Release|x64.ActiveCfg = Release|x64
		{61C9951F-DD87-4163-992B-A68D82550D78}.Release|x64.Build.0 = Release|x64
		{61C9951F-DD87-4163-992B-A68D82550D78}.Release|x86.ActiveCfg = Release|Win32
		{61C9951F-DD87-4163-992B-A68D82550D78}.Release|x86.Build.0 = Release|Win32
		{DFAC827D-631B-4768-9DC2-C4E0A7F86135}.Debug|x64.ActiveCfg = Debug|x64
		{DFAC827D-631B-4768-9DC2-C4E0A7F86135}.Debug|x64.Build.0 = Debug|x64
		{DFAC827D-631B-4768-9DC2-C4E0A7F86135}.Debug|x86.ActiveCfg = Debug|Win32
		{DFAC827D-631B-4768-9DC2-C4E0A7F86135}.Debug|x86.Build.0 = Debug|Win32
		{DFAC827D-631B-4768-9DC2-C4E0A7F86135}.Release|x64.ActiveCfg = Release|x64
		{DFAC827D-631B-4768-9DC2-C4E0A7F86135}.Release|x64.Build.0 = Release|x64
		{DFAC827D-631B-4768-9DC2-C4E0A7F86135}.Release|x86.ActiveCfg = Release|Win32
		{DFAC827D-631B-4768-9DC2-C4E0A7F86135}.Release|x86.Build.0 = Release|Win32
		{39F3F0E3-91BB-4FC2-B4DC-02CE3D007828}.Debug|x64.ActiveCfg = Debug|x64
		{39F3F0E3-91BB-4FC2-B4DC-02CE3D007828}.Debug|x64.Build.0 = Debug|x64
		{39F3F0E3-91BB-4FC2-B4DC-02CE3D007828}.Debug|x86.ActiveCfg = Debug|Win32
		{39F3F0E3-91BB-4FC2-B4DC-02CE3D007828}.Debug|x86.Build.0 = Debug|Win32
		{39F3F0E3-91BB-4FC2-B4DC-02CE3D007828}.Release|x64.ActiveCfg = Release|x64
		{39F3F0E3-91BB-4FC2-B4DC-02CE3D007828}.Release|x64.Build.0 = Release|x64
		{39F3F0E3-91BB-4FC2-B4DC-02CE3D007828}.Release|x86.ActiveCfg = Release|Win32
		{39F3F0E3-91BB-4FC2-B4DC-02CE3D007828}.Release|x86.Build.0 = Release|Win32
		{673D03F9-D30F-4788-8160-178321034FB9}.Debug|x64.ActiveCfg = Debug|x64
		{673D03F9-D30F-4788-8160-178321034FB9}.Debug|x64.Build.0 = Debug|x64
		{673D03F9-D30F-4788-8160-178321034FB9}.Debug|x86.ActiveCfg = Debug|Win32
		{673D03F9-D30F-4788-8160-178321034FB9}.Debug|x86.Build.0 = Debug|Win32
		{673D03F9-D30F-4788-8160-178321034FB9}.Release|x64.ActiveCfg = Release|x64
		{673D03F9-D30F-4788-8160-178321034FB9}.Release|x64.Build.0 = Release|x64
		{673D03F9-D30F-4788-8160-178321034FB9}.Release|x86.ActiveCfg = Release|Win32
		{673D03F9-D30F-4788-8160-178321034FB9}.Release|x86.Build.0 = Release|Win32
		{D37A6DAD-BEE3-40D1-9D51-CB7E2D24808F}.Debug|x64.ActiveCfg = Debug|x64
		{D37A6DAD-BEE3-40D1-9D51-CB7E2D24808F}.Debug|x64.Build.0 = Debug|x64
		{D37A6DAD-BEE3-40D1-9D51-CB7E2D24808F}.Debug|x86.ActiveCfg = Debug|Win32
		{D37A6DAD-BEE3-40D1-9D51-CB7E2D24808F}.Debug|x86.Build.0 = Debug|Win32
		{D37A6DAD-BEE3-40D1-9D51-CB7E2D24808F}.Release|x64.ActiveCfg = Release|x64
		{D37A6DAD-BEE3-40D1-9D51-CB7E2D24808F}.Release|x64.Build.0 = Release|x64
		{D37A6DAD-BEE3-40D1-9D51-CB7E2D24808F}.Release|x86.ActiveCfg = Release|Win32
		{D37A6DAD-BEE3-40D1-9D51-CB7E2D24808F}.Release|x86.Build.0 = Release|Win32
		{FFE26C88-B071-437D-BDF3-8DD1CC96CCAE}.Debug|x64.ActiveCfg = Debug|x64
		{FFE26C88-B071-437D-BDF3-8DD1CC96CCAE}.Debug|x64.Build.0 = Debug|x64
		{FFE26C88-B071-437D-BDF3-8DD1CC96CCAE}.Debug|x86.ActiveCfg = Debug|Win32
		{FFE26C88-B071-437D-BDF3-8DD1CC96CCAE}.Debug|x86.Build.0 = Debug|Win32
		{FFE26C88-B071-437D-BDF3-8DD1CC96CCAE}.Release|x64.ActiveCfg = Release|x64
		{FFE26C88-B071-437D-BDF3-8DD1CC96CCAE}.Release|x64.Build.0 = Release|x64
		{FFE26C88-B071-437D-BDF3-8DD1CC96CCAE}.Release|x86.ActiveCfg = Release|Win32
		{FFE26C88-B071-437D-BDF3-8DD1CC96CCAE}.Release|x86.Build.0 = Release|Win32
		{48343261-8611-4C5E-AF71-D7098BC3C740}.Debug|x64.ActiveCfg = Debug|x64
		{48343261-8611-4C5E-AF71-D7098BC3C740}.Debug|x64.Build.0 = Debug|x64
		{48343261-8611-4C5E-AF71-D7098BC3C740}.Debug|x86.ActiveCfg = Debug|Win32
		{48343261-8611-4C5E-AF71-D7098BC3C740}.Debug|x86.Build.0 = Debug|Win32
		{48343261-8611-4C5E-AF71-D7098BC3C740}.Release|x64.ActiveCfg = Release|x64
		{48343261-8611-4C5E-AF71-D7098BC3C740}.Release|x64.Build.0 = Release|x64
		{48343261-8611-4C5E-AF71-D7098BC3C740}.Release|x86.ActiveCfg = Release|Win32
		{48343261-8611-4C5E-AF71-D7098BC3C740}.Release|x86.Build.0 = Release|Win32
		{7D88B6B9-41A9-4CE5-ACAB-053634841852}.Debug|x64.ActiveCfg = Debug|x64
		{7D88B6B9-41A9-4CE5-ACAB-053634841852}.Debug|x64.Build.0 = Debug|x64
		{7D88B6B9-41A9-4CE5-ACAB-053634841852}.Debug|x86.ActiveCfg = Debug|Win32
		{7D88B6B9-41A9-4CE5-ACAB-053634841852}.Debug|x86.Build.0 = Debug|Win32
		{7D88B6B9-41A9-4CE5-ACAB-053634841852}.Release|x64.ActiveCfg = Release|x64
		{7D88B6B9-41A9-4CE5-ACAB-053634841852}.Release|x64.Build.0 = Release|x64
		{7D88B6B9-41A9-4CE5-ACAB-053634841852}.Release|x86.ActiveCfg = Release|Win32
		{7D88B6B9-41A9-4CE5-ACAB-053634841852}.Release|x86.Build.0 = Release|Win32
		{857E97AC-DBF1-43E9-A9E9-59BCA6CF43B7}.Debug|x64.ActiveCfg = Debug|x64
		{857E97AC-DBF1-43E9-A9E9-59BCA6CF43B7}.Debug|x64.Build.0 = Debug|x64
		{857E97AC-DBF1-43E9-A9E9-59BCA6CF43B7}.Debug|x86.ActiveCfg = Debug|Win32
		{857E97AC-DBF1-43E9-A9E9-59BCA6CF43B7}.Debug|x86.Build.0 = Debug|Win32
		{857E97AC-DBF1-43E9-A9E9-59BCA6CF43B7}.Release|x64.ActiveCfg = Release|x64
		{857E97AC-DBF1-43E9-A9E9-59BCA6CF43B7}.Release|x64.Build.0 = Release|x64
		{857E97AC-DBF1-43E9-A9E9-59BCA6CF43B7}.Release|x86.ActiveCfg = Release|Win32
		{857E97AC-DBF1-43E9-A9E9-59BCA6CF43B7}.Release|x86.Build.0 = Release|Win32
		{C5F84147-3F0D-4924-80C0-22C59357F4E9}.Debug|x64.ActiveCfg = Debug|x64
		{C5F84147-3F0D-4924-80C0-22C59357F4E9}.Debug|x64.Build.0 = Debug|x64
		{C5F84147-3F0D-4924-80C0-22C59357F4E9}.Debug|x86.ActiveCfg = Debug|Win32
		{C5F84147-3F0D-4924-80C0-22C59357F4E9}.Debug|x86.Build.0 = Debug|Win32
		{C5F84147-3F0D-4924-80C0-22C59357F4E9}.Release|x64.ActiveCfg = Release|x64
		{C5F84147-3F0D-4924-80C0-22C59357F4E9}.Release|x64.Build.0 = Release|x64
		{C5F84147-3F0D-4924-80C0-22C59357F4E9}.Release|x86.ActiveCfg = Release|Win32
		{C5F84147-3F0D-4924-80C0-22C59357F4E9}.Release|x86.Build.0 = Release|Win32
		{28627CCD-D83C-4719-AE25-445D7D9B74C7}.Debug|x64.ActiveCfg = Debug|x64
		{28627CCD-D83C-4719-AE25-445D7D9B74C7}.Debug|x64.Build.0 = Debug|x64
		{28627CCD-D83C-4719-AE25-445D7D9B74C7}.Debug|x86.ActiveCfg = Debug|Win32
		{28627CCD-D83C-4719-AE25-445D7D9B74C7}.Debug|x86.Build.0 = Debug|Win32
		{28627CCD-D83C-4719-AE25-445D7D9B74C7}.Release|x64.ActiveCfg = Release|x64
		{28627CCD-D83C-4719-AE25-445D7D9B74C7}.Release|x64.Build.0 = Release|x64
		{28627CCD-D83C-4719-AE25-445D7D9B74C7}.Release|x86.ActiveCfg = Release|Win32
		{28627CCD-D83C-4719-AE25-445D7D9B74C7}.Release|x86.Build.0 = Release|Win32
		{AB19DEC7-48FF-48D2-A757-9A63D5959B70}.Debug|x64.ActiveCfg = Debug|x64
		{AB19DEC7-48FF-48D2-A757-9A63D5959B70}.Debug|x64.Build.0 = Debug|x64
		{AB19DEC7-48FF-48D2-A757-9A63D5959B70}.Debug|x86.ActiveCfg = Debug|Win32
		{AB19DEC7-48FF-48D2-A757-9A63D5959B70}.Debug|x86.Build.0 = Debug|Win32
		{AB19DEC7-48FF-48D2-A757-9A63D5959B70}.Release|x64.ActiveCfg = Release|x64
		{AB19DEC7-48FF-48D2-A757-9A63D5959B70}.Release|x64.Build.0 = Release|x64
		{AB19DEC7-48FF-48D2-A757-9A63D5959B70}.Release|x86.ActiveCfg = Release|Win32
		{AB19DEC7-48FF-48D2-A757-9A63D5959B70}.Release|x86.Build.0 = Release|Win32
		{09E1B7C1-D591-41F2-B92D-54AE59A95996}.Debug|x64.ActiveCfg = Debug|x64
		{09E1B7C1-D591-41F2-B92D-54AE59A95996}.Debug|x64.Build.0 = Debug|x64
		{09E1B7C1-D591-41F2-B92D-54AE59A95996}.Debug|x86.ActiveCfg = Debug|Win32
		{09E1B7C1-D591-41F2-B92D-54AE59A95996}.Debug|x86.Build.0 = Debug|Win32
		{09E1B7C1-D591-41F2-B92D-54AE59A95996}.Release|x64.ActiveCfg = Release|x64
		{09E1B7C1-D591-41F2-B92D-54AE59A95996}.Release|x64.Build.0 = Release|x64
		{09E1B7C1-D591-41F2-B92D-54AE59A95996}.Release|x86.ActiveCfg = Release|Win32
		{09E1B7C1-D591-41F2-B92D-54AE59A95996}.Release|x86.Build.0 = Release|Win32
		{8FC3D4C2-31A7-44DA-901C-F81FAE17B4ED}.Debug|x64.ActiveCfg = Debug|x64
		{8FC3D4C2-31A7-44DA-901C-F81FAE17B4ED}.Debug|x64.Build.0 = Debug|x64
		{8FC3D4C2-31A7-44DA-901C-F81FAE17B4ED}.Debug|x86.ActiveCfg = Debug|Win32
		{8FC3D4C2-31A7-44DA-901C-F81FAE17B4ED}.Debug|x86.Build.0 = Debug|Win32
		{8FC3D4C2-31A7-44DA-901C-F81FAE17B4ED}.Release|x64.ActiveCfg = Release|x64
		{8FC3D4C2-31A7-44DA-901C-F81FAE17B4ED}.Release|x64.Build.0 = Release|x64
		{8FC3D4C2-31A7-44DA-901C-F81FAE17B4ED}.Release|x86.ActiveCfg = Release|Win32
		{8FC3D4C2-31A7-44DA-901C-F81FAE17B4ED}.Release|x86.Build.0 = Release|Win32
		{07345F8B-90F6-46A3-B476-FD855CDB8685}.Debug|x64.ActiveCfg = Debug|x64
		{07345F8B-90F6-46A3-B476-FD855CDB8685}.Debug|x64.Build.0 = Debug|x64
		{07345F8B-90F6-46A3-B476-FD855CDB8685}.Debug|x86.ActiveCfg = Debug|Win32
		{07345F8B-90F6-46A3-B476-FD855CDB8685}.Debug|x86.Build.0 = Debug|Win32
		{07345F8B-90F6-46A3-B476-FD855CDB8685}.Release|x64.ActiveCfg = Release|x64
		{07345F8B-90F6-46A3-B476-FD855CDB8685}.Release|x64.Build.0 = Release|x64
		{07345F8B-90F6-46A3-B476-FD855CDB8685}.Release|x86.ActiveCfg = Release|Win32
		{07345F8B-90F6-46A3-B476-FD855CDB8685}.Release|x86.Build.0 = Release|Win32
		{EB4DA40E-275C-47C7-B758-7E6AFFE06875}.Debug|x64.ActiveCfg = Debug|x64
		{EB4DA40E-275C-47C7-B758-7E6AFFE06875}.Debug|x64.Build.0 = Debug|x64
		{EB4DA40E-275C-47C7-B758-7E6AFFE06875}.Debug|x86.ActiveCfg = Debug|Win32
		{EB4DA40E-275C-47C7-B758-7E6AFFE06875}.Debug|x86.Build.0 = Debug|Win32
		{EB4DA40E-275C-47C7-B758-7E6AFFE06875}.Release|x64.ActiveCfg = Release|x64
		{EB4DA40E-275C-47C7-B758-7E6AFFE06875}.Release|x64.Build.0 = Release|x64
		{EB4DA40E-275C-47C7-B758-7E6AFFE06875}.Release|x86.ActiveCfg = Release|Win32
		{EB4DA40E-275C-47C7-B758-7E6AFFE06875}.Release|x86.Build.0 = Release|Win32
		{C91E5374-E892-4DE4-AB20-57EAA89D449A}.Debug|x64.ActiveCfg = Debug|x64
		{C91E5374-E892-4DE4-AB20-57EAA89D449A}.Debug|x64.Build.0 = Debug|x64
		{C91E5374-E892-4DE4-AB20-57EAA89D449A}.Debug|x86.ActiveCfg = Debug|Win32
		{C91E5374-E892-4DE4-AB20-57EAA89D449A}.Debug|x86.Build.0 = Debug|Win32
		{C91E5374-E892-4DE4-AB20-57EAA89D449A}.Release|x64.ActiveCfg = Release|x64
		{C91E5374-E892-4DE4-AB20-57EAA89D449A}.Release|x64.Build.0 = Release|x64
		{C91E5374-E892-4DE4-AB20-57EAA89D449A}.Release|x86.ActiveCfg = Release|Win32
		{C91E5374-E892-4DE4-AB20-57EAA89D449A}.Release|x86.Build.0 = Release|Win32
		{A34B569B-657A-4DB8-8C8D-98102BD55A4C}.Debug|x64.ActiveCfg = Debug|x64
		{A34B569B-657A-4DB8-8C8D-98102BD55A4C}.Debug|x64.Build.0 = Debug|x64
		{A34B569B-657A-4DB8-8C8D-98102BD55A4C}.Debug|x86.ActiveCfg = Debug|Win32
		{A34B569B-657A-4DB8-8C8D-98102BD55A4C}.Debug|x86.Build.0 = Debug|Win32
		{A34B569B-657A-4DB8-8C8D-98102BD55A4C}.Release|x64.ActiveCfg = Release|x64
		{A34B569B-657A-4DB8-8C8D-98102BD55A4C}.Release|x64.Build.0 = Release|x64
		{A34B569B-657A-4DB8-8C8D-98102BD55A4C}.Release|x86.ActiveCfg = Release|Win32
		{A34B569B-657A-4DB8-8C8D-98102BD55A4C}.Release|x86.Build.0 = Release|Win32
		{502F2AFC-CF35-4BE6-B228-2864EFE2A19F}.Debug|x64.ActiveCfg = Debug|x64
		{502F2AFC-CF35-4BE6-B228-2864EFE2A19F}.Debug|x64.Build.0 = Debug|x64
		{502F2AFC-CF35-4BE6-B228-2864EFE2A19F}.Debug|x86.ActiveCfg = Debug|Win32
		{502F2AFC-CF35-4BE6-B228-2864EFE2A19F}.Debug|x86.Build.0 = Debug|Win32
		{502F2AFC-CF35-4BE6-B228-2864EFE2A19F}.Release|x64.ActiveCfg = Release|x64
		{502F2AFC-CF35-4BE6-B228-2864EFE2A19F}.Release|x64.Build.0 = Release|x64
		{502F2AFC-CF35-4BE6-B228-2864EFE2A19F}.Release|x86.ActiveCfg = Release|Win32
		{502F2AFC-CF35-4BE6-B228-2864EFE2A19F}.Release|x86.Build.0 = Release|Win32
		{A7D4DB33-1EC9-4EF9-A96B-512364CBB655}.Debug|x64.ActiveCfg = Debug|x64
		{A7D4DB33-1EC9-4EF9-A96B-512364CBB655}.Debug|x64.Build.0 = Debug|x64
		{A7D4DB33-1EC9-4EF9-A96B-512364CBB655}.Debug|x86.ActiveCfg = Debug|Win32
		{A7D4DB33-1EC9-4EF9-A96B-512364CBB655}.Debug|x86.Build.0 = Debug|Win32
		{A7D4DB33-1EC9-4EF9-A96B-512364CBB655}.Release|x64.ActiveCfg = Release|x64
		{A7D4DB33-1EC9-4EF9-A96B-512364CBB655}.Release|x64.Build.0 = Release|x64
		{A7D4DB33-1EC9-4EF9-A96B-512364CBB655}.Release|x86.ActiveCfg = Release|Win32
		{A7D4DB33-1EC9-4EF9-A96B-512364CBB655}.Release|x86.Build.0 = Release|Win32
		{2A2204DF-6195-4559-8716-AC0E5A3D8701}.Debug|x64.ActiveCfg = Debug|x64
		{2A2204DF-6195-4559-8716-AC0E5A3D8701}.Debug|x64.Build.0 = Debug|x64
		{2A2204DF-6195-4559-8716-AC0E5A3D8701}.Debug|x86.ActiveCfg = Debug|Win32
		{2A2204DF-6195-4559-8716-AC0E5A3D8701}.Debug|x86.Build.0 = Debug|Win32
		{2A2204DF-6195-4559-8716-AC0E5A3D8701}.Release|x64.ActiveCfg = Release|x64
		{2A2204DF-6195-4559-8716-AC0E5A3D8701}.Release|x64.Build.0 = Release|x64
		{2A2204DF-6195-4559-8716-AC0E5A3D8701}.Release|x86.ActiveCfg = Release|Win32
		{2A2204DF-6195-4559-8716-AC0E5A3D8701}.Release|x86.Build.0 = Release|Win32
		{A9F1746D-E4CD-4D3B-9817-44D1DC2177BB}.Debug|x64.ActiveCfg = Debug|x64
		{A9F1746D-E4CD-4D3B-9817-44D1DC2177BB}.Debug|x64.Build.0 = Debug|x64
		{A9F1746D-E4CD-4D3B-9817-44D1DC2177BB}.Debug|x86.ActiveCfg = Debug|Win32
		{A9F1746D-E4CD-4D3B-9817-44D1DC2177BB}.Debug|x86.Build.0 = Debug|Win32
		{A9F1746D-E4CD-4D3B-9817-44D1DC2177BB}.Release|x64.ActiveCfg = Release|x64
		{A9F1746D-E4CD-4D3B-9817-44D1DC2177BB}.Release|x64.Build.0 = Release|x64
		{A9F1746D-E4CD-4D3B-9817-44D1DC2177BB}.Release|x86.ActiveCfg = Release|Win32
		{A9F1746D-E4CD-4D3B-9817-44D1DC2177BB}.Release|x86.Build.0 = Release|Win32
		{D747A54D-32D3-4A17-B686-72D9C4A6943C}.Debug|x64.ActiveCfg = Debug|x64
		{D747A54D-32D3-4A17-B686-72D9C4A6943C}.Debug|x64.Build.0 = Debug|x64
		{D747A54D-32D3-4A17-B686-72D9C4A6943C}.Debug|x86.ActiveCfg = Debug|Win32
		{D747A54D-32D3-4A17-B686-72D9C4A6943C}.Debug|x86.Build.0 = Debug|Win32
		{D747A54D-32D3-4A17-B686-72D9C4A6943C}.Release|x64.ActiveCfg = Release|x64
		{D747A54D-32D3-4A17-B686-72D9C4A6943C}.Release|x64.Build.0 = Release|x64
		{D747A54D-32D3-4A17-B686-72D9C4A6943C}.Release|x86.ActiveCfg = Release|Win32
		{D747A54D-32D3-4A17-B686-72D9C4A6943C}.Release|x86.Build.0 = Release|Win32
		{F7D2F9DA-3C1E-4C6D-A3B8-19C5385BF4C1}.Debug|x64.ActiveCfg = Debug|x64
		{F7D2F9DA-3C1E-4C6D-A3B8-19C5385BF4C1}.Debug|x64.Build.0 = Debug|x64
		{F7D2F9DA-3C1E-4C6D-A3B8-19C5385BF4C1}.Debug|x86.ActiveCfg = Debug|Win32
		{F7D2F9DA-3C1E-4C6D-A3B8-19C5385BF4C1}.Debug|x86.Build.0 = Debug|Win32
		{F7D2F9DA-3C1E-4C6D-A3B8-19C5385BF4C1}.Release|x64.ActiveCfg = Release|x64
		{F7D2F9DA-3C1E-4C6D-A3B8-19C5385BF4C1}.Release|x64.Build.0 = Release|x64
		{F7D2F9DA-3C1E-4C6D-A3B8-19C5385BF4C1}.Release|x86.ActiveCfg = Release|Win32
		{F7D2F9DA-3C1E-4C6D-A3B8-19C5385BF4C1}.Release|x86.Build.0 = Release|Win32
	EndGlobalSection
	GlobalSection(SolutionProperties) = preSolution
		HideSolutionNode = FALSE
	EndGlobalSection
	GlobalSection(ExtensibilityGlobals) = postSolution
		SolutionGuid = {5D2E7EB7-52CB-4473-8F6D-2890ECE1C82F}
	EndGlobalSection
EndGlobal
