
Microsoft Visual Studio Solution File, Format Version 12.00
# Visual Studio Version 17
VisualStudioVersion = 17.8.34525.116
MinimumVisualStudioVersion = 10.0.40219.1
Project("{8BC9CEB8-8B4A-11D0-8D11-00A0C91BC942}") = "Ex0101_Addition", "Ex0101_Addition\Ex0101_Addition.vcxproj", "{FA86A442-E646-40A7-94AB-D5BA0BB3B9DF}"
EndProject
Project("{8BC9CEB8-8B4A-11D0-8D11-00A0C91BC942}") = "Ex0102_Subtraction", "Ex0102_Subtraction\Ex0102_Subtraction.vcxproj", "{EA731CA9-9C9B-404F-A049-F3E7600C453A}"
EndProject
Project("{8BC9CEB8-8B4A-11D0-8D11-00A0C91BC942}") = "Ex0103_Multiplication", "Ex0103_Multiplication\Ex0103_Multiplication.vcxproj", "{4F217E19-8767-43BC-B8F1-F47E26522383}"
EndProject
Project("{8BC9CEB8-8B4A-11D0-8D11-00A0C91BC942}") = "Ex0104_Karatsuba", "Ex0104_Karatsuba\Ex0104_Karatsuba.vcxproj", "{90174892-357A-4B85-89B0-AF99EDD99A1B}"
EndProject
Project("{8BC9CEB8-8B4A-11D0-8D11-00A0C91BC942}") = "Ex0001_StandardLibraries", "Ex0001_StandardLibraries\Ex0001_StandardLibraries.vcxproj", "{A8F4752C-A561-4504-8464-AF8D851D9402}"
EndProject
Project("{8BC9CEB8-8B4A-11D0-8D11-00A0C91BC942}") = "Ex0002_WarmingUp", "Ex0002_WarmingUp\Ex0002_WarmingUp.vcxproj", "{51554B5E-2D65-4BF9-80A9-7BDFFDBEA6A4}"
EndProject
Global
	GlobalSection(SolutionConfigurationPlatforms) = preSolution
		Debug|x64 = Debug|x64
		Debug|x86 = Debug|x86
		Release|x64 = Release|x64
		Release|x86 = Release|x86
	EndGlobalSection
	GlobalSection(ProjectConfigurationPlatforms) = postSolution
		{FA86A442-E646-40A7-94AB-D5BA0BB3B9DF}.Debug|x64.ActiveCfg = Debug|x64
		{FA86A442-E646-40A7-94AB-D5BA0BB3B9DF}.Debug|x64.Build.0 = Debug|x64
		{FA86A442-E646-40A7-94AB-D5BA0BB3B9DF}.Debug|x86.ActiveCfg = Debug|Win32
		{FA86A442-E646-40A7-94AB-D5BA0BB3B9DF}.Debug|x86.Build.0 = Debug|Win32
		{FA86A442-E646-40A7-94AB-D5BA0BB3B9DF}.Release|x64.ActiveCfg = Release|x64
		{FA86A442-E646-40A7-94AB-D5BA0BB3B9DF}.Release|x64.Build.0 = Release|x64
		{FA86A442-E646-40A7-94AB-D5BA0BB3B9DF}.Release|x86.ActiveCfg = Release|Win32
		{FA86A442-E646-40A7-94AB-D5BA0BB3B9DF}.Release|x86.Build.0 = Release|Win32
		{EA731CA9-9C9B-404F-A049-F3E7600C453A}.Debug|x64.ActiveCfg = Debug|x64
		{EA731CA9-9C9B-404F-A049-F3E7600C453A}.Debug|x64.Build.0 = Debug|x64
		{EA731CA9-9C9B-404F-A049-F3E7600C453A}.Debug|x86.ActiveCfg = Debug|Win32
		{EA731CA9-9C9B-404F-A049-F3E7600C453A}.Debug|x86.Build.0 = Debug|Win32
		{EA731CA9-9C9B-404F-A049-F3E7600C453A}.Release|x64.ActiveCfg = Release|x64
		{EA731CA9-9C9B-404F-A049-F3E7600C453A}.Release|x64.Build.0 = Release|x64
		{EA731CA9-9C9B-404F-A049-F3E7600C453A}.Release|x86.ActiveCfg = Release|Win32
		{EA731CA9-9C9B-404F-A049-F3E7600C453A}.Release|x86.Build.0 = Release|Win32
		{4F217E19-8767-43BC-B8F1-F47E26522383}.Debug|x64.ActiveCfg = Debug|x64
		{4F217E19-8767-43BC-B8F1-F47E26522383}.Debug|x64.Build.0 = Debug|x64
		{4F217E19-8767-43BC-B8F1-F47E26522383}.Debug|x86.ActiveCfg = Debug|Win32
		{4F217E19-8767-43BC-B8F1-F47E26522383}.Debug|x86.Build.0 = Debug|Win32
		{4F217E19-8767-43BC-B8F1-F47E26522383}.Release|x64.ActiveCfg = Release|x64
		{4F217E19-8767-43BC-B8F1-F47E26522383}.Release|x64.Build.0 = Release|x64
		{4F217E19-8767-43BC-B8F1-F47E26522383}.Release|x86.ActiveCfg = Release|Win32
		{4F217E19-8767-43BC-B8F1-F47E26522383}.Release|x86.Build.0 = Release|Win32
		{90174892-357A-4B85-89B0-AF99EDD99A1B}.Debug|x64.ActiveCfg = Debug|x64
		{90174892-357A-4B85-89B0-AF99EDD99A1B}.Debug|x64.Build.0 = Debug|x64
		{90174892-357A-4B85-89B0-AF99EDD99A1B}.Debug|x86.ActiveCfg = Debug|Win32
		{90174892-357A-4B85-89B0-AF99EDD99A1B}.Debug|x86.Build.0 = Debug|Win32
		{90174892-357A-4B85-89B0-AF99EDD99A1B}.Release|x64.ActiveCfg = Release|x64
		{90174892-357A-4B85-89B0-AF99EDD99A1B}.Release|x64.Build.0 = Release|x64
		{90174892-357A-4B85-89B0-AF99EDD99A1B}.Release|x86.ActiveCfg = Release|Win32
		{90174892-357A-4B85-89B0-AF99EDD99A1B}.Release|x86.Build.0 = Release|Win32
		{A8F4752C-A561-4504-8464-AF8D851D9402}.Debug|x64.ActiveCfg = Debug|x64
		{A8F4752C-A561-4504-8464-AF8D851D9402}.Debug|x64.Build.0 = Debug|x64
		{A8F4752C-A561-4504-8464-AF8D851D9402}.Debug|x86.ActiveCfg = Debug|Win32
		{A8F4752C-A561-4504-8464-AF8D851D9402}.Debug|x86.Build.0 = Debug|Win32
		{A8F4752C-A561-4504-8464-AF8D851D9402}.Release|x64.ActiveCfg = Release|x64
		{A8F4752C-A561-4504-8464-AF8D851D9402}.Release|x64.Build.0 = Release|x64
		{A8F4752C-A561-4504-8464-AF8D851D9402}.Release|x86.ActiveCfg = Release|Win32
		{A8F4752C-A561-4504-8464-AF8D851D9402}.Release|x86.Build.0 = Release|Win32
		{51554B5E-2D65-4BF9-80A9-7BDFFDBEA6A4}.Debug|x64.ActiveCfg = Debug|x64
		{51554B5E-2D65-4BF9-80A9-7BDFFDBEA6A4}.Debug|x64.Build.0 = Debug|x64
		{51554B5E-2D65-4BF9-80A9-7BDFFDBEA6A4}.Debug|x86.ActiveCfg = Debug|Win32
		{51554B5E-2D65-4BF9-80A9-7BDFFDBEA6A4}.Debug|x86.Build.0 = Debug|Win32
		{51554B5E-2D65-4BF9-80A9-7BDFFDBEA6A4}.Release|x64.ActiveCfg = Release|x64
		{51554B5E-2D65-4BF9-80A9-7BDFFDBEA6A4}.Release|x64.Build.0 = Release|x64
		{51554B5E-2D65-4BF9-80A9-7BDFFDBEA6A4}.Release|x86.ActiveCfg = Release|Win32
		{51554B5E-2D65-4BF9-80A9-7BDFFDBEA6A4}.Release|x86.Build.0 = Release|Win32
	EndGlobalSection
	GlobalSection(SolutionProperties) = preSolution
		HideSolutionNode = FALSE
	EndGlobalSection
	GlobalSection(ExtensibilityGlobals) = postSolution
		SolutionGuid = {5D2E7EB7-52CB-4473-8F6D-2890ECE1C82F}
	EndGlobalSection
EndGlobal
